
Microsoft Visual Studio Solution File, Format Version 12.00
# Visual Studio Version 17
VisualStudioVersion = 17.11.35312.102
MinimumVisualStudioVersion = 10.0.40219.1
Project("{2150E333-8FDC-42A3-9474-1A3956D46DE8}") = "Task0", "Task0", "{6218ADE0-4368-4584-8743-C748C31F2E32}"
EndProject
Project("{9A19103F-16F7-4668-BE54-9A1E7A4F7556}") = "Tyuiu.KonevaDD.Sprint2.Task0.V1", "Tyuiu.KonevaDD.Sprint2.Task0.V1\Tyuiu.KonevaDD.Sprint2.Task0.V1.csproj", "{FD31F474-8893-4C71-800C-3A5F11BB3926}"
EndProject
Project("{9A19103F-16F7-4668-BE54-9A1E7A4F7556}") = "Tyuiu.KonevaDD.Sprint2.Task0.V1.Lib", "Tyuiu.KonevaDD.Sprint2.Task0.V1.Lib\Tyuiu.KonevaDD.Sprint2.Task0.V1.Lib.csproj", "{8408CC8C-7AFC-468C-B38B-C76EC2EA171A}"
EndProject
Project("{9A19103F-16F7-4668-BE54-9A1E7A4F7556}") = "Tyuiu.KonevaDD.Sprint2.Task0.V1.Test", "Tyuiu.KonevaDD.Sprint2.Task0.V1.Test\Tyuiu.KonevaDD.Sprint2.Task0.V1.Test.csproj", "{8D842BE2-F2F1-4FA1-A6BC-A6B137D3C0BC}"
EndProject
Project("{2150E333-8FDC-42A3-9474-1A3956D46DE8}") = "Task1", "Task1", "{6DEBBE33-94A0-4FAE-BDEA-56167B2A28CB}"
EndProject
Project("{9A19103F-16F7-4668-BE54-9A1E7A4F7556}") = "Tyuiu.KonevaDD.Sprint2.Task1.V15", "Tyuiu.KonevaDD.Sprint2.Task1.V15\Tyuiu.KonevaDD.Sprint2.Task1.V15.csproj", "{16BEB6A3-46BF-46DA-AF08-46AE6ADA37BF}"
EndProject
Project("{9A19103F-16F7-4668-BE54-9A1E7A4F7556}") = "Tyuiu.KonevaDD.Sprint2.Task1.V15.Lib", "Tyuiu.KonevaDD.Sprint2.Task1.V15.Lib\Tyuiu.KonevaDD.Sprint2.Task1.V15.Lib.csproj", "{963CFAA5-2D08-4CA4-9BEF-355DBC01A95A}"
EndProject
Project("{9A19103F-16F7-4668-BE54-9A1E7A4F7556}") = "Tyuiu.KonevaDD.Sprint2.Task1.V15.Test", "Tyuiu.KonevaDD.Sprint2.Task1.V15.Test\Tyuiu.KonevaDD.Sprint2.Task1.V15.Test.csproj", "{A72CB220-E294-4CC1-B3FD-83F2F645CF34}"
EndProject
Project("{2150E333-8FDC-42A3-9474-1A3956D46DE8}") = "Task2", "Task2", "{4DFF7661-5BCF-4B8A-8E65-3C0F130598D5}"
EndProject
Project("{9A19103F-16F7-4668-BE54-9A1E7A4F7556}") = "Tyuiu.KonevaDD.Sprint2.Task2.V12", "Tyuiu.KonevaDD.Sprint2.Task2.V12\Tyuiu.KonevaDD.Sprint2.Task2.V12.csproj", "{9764A79B-0B23-480B-B95F-563B2929310F}"
EndProject
Project("{9A19103F-16F7-4668-BE54-9A1E7A4F7556}") = "Tyuiu.KonevaDD.Sprint2.Task2.V12.Lib", "Tyuiu.KonevaDD.Sprint2.Task2.V12.Lib\Tyuiu.KonevaDD.Sprint2.Task2.V12.Lib.csproj", "{62D506A7-479E-4942-91FF-32D425ABC0D5}"
EndProject
Project("{9A19103F-16F7-4668-BE54-9A1E7A4F7556}") = "Tyuiu.KonevaDD.Sprint2.Task2.V12.Test", "Tyuiu.KonevaDD.Sprint2.Task2.V12.Test\Tyuiu.KonevaDD.Sprint2.Task2.V12.Test.csproj", "{51A26AD5-693F-40AB-969E-323ECF796087}"
EndProject
Project("{2150E333-8FDC-42A3-9474-1A3956D46DE8}") = "Task3", "Task3", "{FA42AA02-894A-4C53-832F-90973F862694}"
EndProject
Project("{9A19103F-16F7-4668-BE54-9A1E7A4F7556}") = "Tyuiu.KonevaDD.Sprint2.Task3.V8", "Tyuiu.KonevaDD.Sprint2.Task3.V8\Tyuiu.KonevaDD.Sprint2.Task3.V8.csproj", "{88BFB65E-C995-4824-8AAE-6564D05B6210}"
EndProject
Project("{9A19103F-16F7-4668-BE54-9A1E7A4F7556}") = "Tyuiu.KonevaDD.Sprint2.Task3.V8.Lib", "Tyuiu.KonevaDD.Sprint2.Task3.V8.Lib\Tyuiu.KonevaDD.Sprint2.Task3.V8.Lib.csproj", "{3C23576C-902D-4A00-AA20-E70D10368A5F}"
EndProject
Project("{9A19103F-16F7-4668-BE54-9A1E7A4F7556}") = "Tyuiu.KonevaDD.Sprint2.Task3.V8.Test", "Tyuiu.KonevaDD.Sprint2.Task3.V8.Test\Tyuiu.KonevaDD.Sprint2.Task3.V8.Test.csproj", "{1D728021-9328-4B82-BC91-B5ADEB7CAEEF}"
EndProject
Project("{2150E333-8FDC-42A3-9474-1A3956D46DE8}") = "Task4", "Task4", "{40C80BD8-DA86-436F-B8D5-8BDDFCC421CA}"
EndProject
Project("{9A19103F-16F7-4668-BE54-9A1E7A4F7556}") = "Tyuiu.KonevaDD.Sprint2.Task4.V21", "Tyuiu.KonevaDD.Sprint2.Task4.V21\Tyuiu.KonevaDD.Sprint2.Task4.V21.csproj", "{573073E7-8E4C-491A-872E-32F33F8C0193}"
EndProject
Project("{9A19103F-16F7-4668-BE54-9A1E7A4F7556}") = "Tyuiu.KonevaDD.Sprint2.Task4.V21.Lib", "Tyuiu.KonevaDD.Sprint2.Task4.V21.Lib\Tyuiu.KonevaDD.Sprint2.Task4.V21.Lib.csproj", "{E7C3DBA3-C7C6-45C3-ACA9-B924C300831A}"
EndProject
Project("{9A19103F-16F7-4668-BE54-9A1E7A4F7556}") = "Tyuiu.KonevaDD.Sprint2.Task4.V21.Test", "Tyuiu.KonevaDD.Sprint2.Task4.V21.Test\Tyuiu.KonevaDD.Sprint2.Task4.V21.Test.csproj", "{C7F118E3-0AA2-480A-9FD9-459D6D87890D}"
EndProject
Project("{2150E333-8FDC-42A3-9474-1A3956D46DE8}") = "Task5", "Task5", "{7B7A787A-7A2F-4D7F-8BE2-6DFED4BC415C}"
EndProject
Project("{9A19103F-16F7-4668-BE54-9A1E7A4F7556}") = "Tyuiu.KonevaDD.Sprint2.Task5.V5", "Tyuiu.KonevaDD.Sprint2.Task5.V5\Tyuiu.KonevaDD.Sprint2.Task5.V5.csproj", "{1690D0C0-BD18-4FB1-93B2-7A368C5C943B}"
EndProject
Project("{9A19103F-16F7-4668-BE54-9A1E7A4F7556}") = "Tyuiu.KonevaDD.Sprint2.Task5.V5.Lib", "Tyuiu.KonevaDD.Sprint2.Task5.V5.Lib\Tyuiu.KonevaDD.Sprint2.Task5.V5.Lib.csproj", "{2E9995EA-A0F5-43DB-B5DA-83EFF7602EC2}"
EndProject
Project("{9A19103F-16F7-4668-BE54-9A1E7A4F7556}") = "Tyuiu.KonevaDD.Sprint2.Task5.V5.Test", "Tyuiu.KonevaDD.Sprint2.Task5.V5.Test\Tyuiu.KonevaDD.Sprint2.Task5.V5.Test.csproj", "{2614D072-456F-48DD-B0C1-08A077BA1B30}"
EndProject
Project("{2150E333-8FDC-42A3-9474-1A3956D46DE8}") = "Task6", "Task6", "{46B79033-4E76-4741-917F-7E3197004B0A}"
EndProject
Project("{FAE04EC0-301F-11D3-BF4B-00C04F79EFBC}") = "Tyuiu.KonevaDD.Sprint2.Task6.V15", "Tyuiu.KonevaDD.Sprint2.Task6.V15\Tyuiu.KonevaDD.Sprint2.Task6.V15.csproj", "{2115CDE3-E417-474A-9481-BE9195C1E36B}"
EndProject
Project("{FAE04EC0-301F-11D3-BF4B-00C04F79EFBC}") = "Tyuiu.KonevaDD.Sprint2.Task6.V15.Lib", "Tyuiu.KonevaDD.Sprint2.Task6.V15.Lib\Tyuiu.KonevaDD.Sprint2.Task6.V15.Lib.csproj", "{6902E9BF-2F96-433A-91B5-4334067FB687}"
EndProject
Project("{FAE04EC0-301F-11D3-BF4B-00C04F79EFBC}") = "Tyuiu.KonevaDD.Sprint2.Task6.V15.Test", "Tyuiu.KonevaDD.Sprint2.Task6.V15.Test\Tyuiu.KonevaDD.Sprint2.Task6.V15.Test.csproj", "{B4CB00B8-832B-443C-8915-1C87CF4FD3C2}"
EndProject
Global
	GlobalSection(SolutionConfigurationPlatforms) = preSolution
		Debug|Any CPU = Debug|Any CPU
		Release|Any CPU = Release|Any CPU
	EndGlobalSection
	GlobalSection(ProjectConfigurationPlatforms) = postSolution
		{FD31F474-8893-4C71-800C-3A5F11BB3926}.Debug|Any CPU.ActiveCfg = Debug|Any CPU
		{FD31F474-8893-4C71-800C-3A5F11BB3926}.Debug|Any CPU.Build.0 = Debug|Any CPU
		{FD31F474-8893-4C71-800C-3A5F11BB3926}.Release|Any CPU.ActiveCfg = Release|Any CPU
		{FD31F474-8893-4C71-800C-3A5F11BB3926}.Release|Any CPU.Build.0 = Release|Any CPU
		{8408CC8C-7AFC-468C-B38B-C76EC2EA171A}.Debug|Any CPU.ActiveCfg = Debug|Any CPU
		{8408CC8C-7AFC-468C-B38B-C76EC2EA171A}.Debug|Any CPU.Build.0 = Debug|Any CPU
		{8408CC8C-7AFC-468C-B38B-C76EC2EA171A}.Release|Any CPU.ActiveCfg = Release|Any CPU
		{8408CC8C-7AFC-468C-B38B-C76EC2EA171A}.Release|Any CPU.Build.0 = Release|Any CPU
		{8D842BE2-F2F1-4FA1-A6BC-A6B137D3C0BC}.Debug|Any CPU.ActiveCfg = Debug|Any CPU
		{8D842BE2-F2F1-4FA1-A6BC-A6B137D3C0BC}.Debug|Any CPU.Build.0 = Debug|Any CPU
		{8D842BE2-F2F1-4FA1-A6BC-A6B137D3C0BC}.Release|Any CPU.ActiveCfg = Release|Any CPU
		{8D842BE2-F2F1-4FA1-A6BC-A6B137D3C0BC}.Release|Any CPU.Build.0 = Release|Any CPU
		{16BEB6A3-46BF-46DA-AF08-46AE6ADA37BF}.Debug|Any CPU.ActiveCfg = Debug|Any CPU
		{16BEB6A3-46BF-46DA-AF08-46AE6ADA37BF}.Debug|Any CPU.Build.0 = Debug|Any CPU
		{16BEB6A3-46BF-46DA-AF08-46AE6ADA37BF}.Release|Any CPU.ActiveCfg = Release|Any CPU
		{16BEB6A3-46BF-46DA-AF08-46AE6ADA37BF}.Release|Any CPU.Build.0 = Release|Any CPU
		{963CFAA5-2D08-4CA4-9BEF-355DBC01A95A}.Debug|Any CPU.ActiveCfg = Debug|Any CPU
		{963CFAA5-2D08-4CA4-9BEF-355DBC01A95A}.Debug|Any CPU.Build.0 = Debug|Any CPU
		{963CFAA5-2D08-4CA4-9BEF-355DBC01A95A}.Release|Any CPU.ActiveCfg = Release|Any CPU
		{963CFAA5-2D08-4CA4-9BEF-355DBC01A95A}.Release|Any CPU.Build.0 = Release|Any CPU
		{A72CB220-E294-4CC1-B3FD-83F2F645CF34}.Debug|Any CPU.ActiveCfg = Debug|Any CPU
		{A72CB220-E294-4CC1-B3FD-83F2F645CF34}.Debug|Any CPU.Build.0 = Debug|Any CPU
		{A72CB220-E294-4CC1-B3FD-83F2F645CF34}.Release|Any CPU.ActiveCfg = Release|Any CPU
		{A72CB220-E294-4CC1-B3FD-83F2F645CF34}.Release|Any CPU.Build.0 = Release|Any CPU
		{9764A79B-0B23-480B-B95F-563B2929310F}.Debug|Any CPU.ActiveCfg = Debug|Any CPU
		{9764A79B-0B23-480B-B95F-563B2929310F}.Debug|Any CPU.Build.0 = Debug|Any CPU
		{9764A79B-0B23-480B-B95F-563B2929310F}.Release|Any CPU.ActiveCfg = Release|Any CPU
		{9764A79B-0B23-480B-B95F-563B2929310F}.Release|Any CPU.Build.0 = Release|Any CPU
		{62D506A7-479E-4942-91FF-32D425ABC0D5}.Debug|Any CPU.ActiveCfg = Debug|Any CPU
		{62D506A7-479E-4942-91FF-32D425ABC0D5}.Debug|Any CPU.Build.0 = Debug|Any CPU
		{62D506A7-479E-4942-91FF-32D425ABC0D5}.Release|Any CPU.ActiveCfg = Release|Any CPU
		{62D506A7-479E-4942-91FF-32D425ABC0D5}.Release|Any CPU.Build.0 = Release|Any CPU
		{51A26AD5-693F-40AB-969E-323ECF796087}.Debug|Any CPU.ActiveCfg = Debug|Any CPU
		{51A26AD5-693F-40AB-969E-323ECF796087}.Debug|Any CPU.Build.0 = Debug|Any CPU
		{51A26AD5-693F-40AB-969E-323ECF796087}.Release|Any CPU.ActiveCfg = Release|Any CPU
		{51A26AD5-693F-40AB-969E-323ECF796087}.Release|Any CPU.Build.0 = Release|Any CPU
		{88BFB65E-C995-4824-8AAE-6564D05B6210}.Debug|Any CPU.ActiveCfg = Debug|Any CPU
		{88BFB65E-C995-4824-8AAE-6564D05B6210}.Debug|Any CPU.Build.0 = Debug|Any CPU
		{88BFB65E-C995-4824-8AAE-6564D05B6210}.Release|Any CPU.ActiveCfg = Release|Any CPU
		{88BFB65E-C995-4824-8AAE-6564D05B6210}.Release|Any CPU.Build.0 = Release|Any CPU
		{3C23576C-902D-4A00-AA20-E70D10368A5F}.Debug|Any CPU.ActiveCfg = Debug|Any CPU
		{3C23576C-902D-4A00-AA20-E70D10368A5F}.Debug|Any CPU.Build.0 = Debug|Any CPU
		{3C23576C-902D-4A00-AA20-E70D10368A5F}.Release|Any CPU.ActiveCfg = Release|Any CPU
		{3C23576C-902D-4A00-AA20-E70D10368A5F}.Release|Any CPU.Build.0 = Release|Any CPU
		{1D728021-9328-4B82-BC91-B5ADEB7CAEEF}.Debug|Any CPU.ActiveCfg = Debug|Any CPU
		{1D728021-9328-4B82-BC91-B5ADEB7CAEEF}.Debug|Any CPU.Build.0 = Debug|Any CPU
		{1D728021-9328-4B82-BC91-B5ADEB7CAEEF}.Release|Any CPU.ActiveCfg = Release|Any CPU
		{1D728021-9328-4B82-BC91-B5ADEB7CAEEF}.Release|Any CPU.Build.0 = Release|Any CPU
		{573073E7-8E4C-491A-872E-32F33F8C0193}.Debug|Any CPU.ActiveCfg = Debug|Any CPU
		{573073E7-8E4C-491A-872E-32F33F8C0193}.Debug|Any CPU.Build.0 = Debug|Any CPU
		{573073E7-8E4C-491A-872E-32F33F8C0193}.Release|Any CPU.ActiveCfg = Release|Any CPU
		{573073E7-8E4C-491A-872E-32F33F8C0193}.Release|Any CPU.Build.0 = Release|Any CPU
		{E7C3DBA3-C7C6-45C3-ACA9-B924C300831A}.Debug|Any CPU.ActiveCfg = Debug|Any CPU
		{E7C3DBA3-C7C6-45C3-ACA9-B924C300831A}.Debug|Any CPU.Build.0 = Debug|Any CPU
		{E7C3DBA3-C7C6-45C3-ACA9-B924C300831A}.Release|Any CPU.ActiveCfg = Release|Any CPU
		{E7C3DBA3-C7C6-45C3-ACA9-B924C300831A}.Release|Any CPU.Build.0 = Release|Any CPU
		{C7F118E3-0AA2-480A-9FD9-459D6D87890D}.Debug|Any CPU.ActiveCfg = Debug|Any CPU
		{C7F118E3-0AA2-480A-9FD9-459D6D87890D}.Debug|Any CPU.Build.0 = Debug|Any CPU
		{C7F118E3-0AA2-480A-9FD9-459D6D87890D}.Release|Any CPU.ActiveCfg = Release|Any CPU
		{C7F118E3-0AA2-480A-9FD9-459D6D87890D}.Release|Any CPU.Build.0 = Release|Any CPU
		{1690D0C0-BD18-4FB1-93B2-7A368C5C943B}.Debug|Any CPU.ActiveCfg = Debug|Any CPU
		{1690D0C0-BD18-4FB1-93B2-7A368C5C943B}.Debug|Any CPU.Build.0 = Debug|Any CPU
		{1690D0C0-BD18-4FB1-93B2-7A368C5C943B}.Release|Any CPU.ActiveCfg = Release|Any CPU
		{1690D0C0-BD18-4FB1-93B2-7A368C5C943B}.Release|Any CPU.Build.0 = Release|Any CPU
		{2E9995EA-A0F5-43DB-B5DA-83EFF7602EC2}.Debug|Any CPU.ActiveCfg = Debug|Any CPU
		{2E9995EA-A0F5-43DB-B5DA-83EFF7602EC2}.Debug|Any CPU.Build.0 = Debug|Any CPU
		{2E9995EA-A0F5-43DB-B5DA-83EFF7602EC2}.Release|Any CPU.ActiveCfg = Release|Any CPU
		{2E9995EA-A0F5-43DB-B5DA-83EFF7602EC2}.Release|Any CPU.Build.0 = Release|Any CPU
		{2614D072-456F-48DD-B0C1-08A077BA1B30}.Debug|Any CPU.ActiveCfg = Debug|Any CPU
		{2614D072-456F-48DD-B0C1-08A077BA1B30}.Debug|Any CPU.Build.0 = Debug|Any CPU
		{2614D072-456F-48DD-B0C1-08A077BA1B30}.Release|Any CPU.ActiveCfg = Release|Any CPU
		{2614D072-456F-48DD-B0C1-08A077BA1B30}.Release|Any CPU.Build.0 = Release|Any CPU
		{2115CDE3-E417-474A-9481-BE9195C1E36B}.Debug|Any CPU.ActiveCfg = Debug|Any CPU
		{2115CDE3-E417-474A-9481-BE9195C1E36B}.Debug|Any CPU.Build.0 = Debug|Any CPU
		{2115CDE3-E417-474A-9481-BE9195C1E36B}.Release|Any CPU.ActiveCfg = Release|Any CPU
		{2115CDE3-E417-474A-9481-BE9195C1E36B}.Release|Any CPU.Build.0 = Release|Any CPU
		{6902E9BF-2F96-433A-91B5-4334067FB687}.Debug|Any CPU.ActiveCfg = Debug|Any CPU
		{6902E9BF-2F96-433A-91B5-4334067FB687}.Debug|Any CPU.Build.0 = Debug|Any CPU
		{6902E9BF-2F96-433A-91B5-4334067FB687}.Release|Any CPU.ActiveCfg = Release|Any CPU
		{6902E9BF-2F96-433A-91B5-4334067FB687}.Release|Any CPU.Build.0 = Release|Any CPU
		{B4CB00B8-832B-443C-8915-1C87CF4FD3C2}.Debug|Any CPU.ActiveCfg = Debug|Any CPU
		{B4CB00B8-832B-443C-8915-1C87CF4FD3C2}.Debug|Any CPU.Build.0 = Debug|Any CPU
		{B4CB00B8-832B-443C-8915-1C87CF4FD3C2}.Release|Any CPU.ActiveCfg = Release|Any CPU
		{B4CB00B8-832B-443C-8915-1C87CF4FD3C2}.Release|Any CPU.Build.0 = Release|Any CPU
	EndGlobalSection
	GlobalSection(SolutionProperties) = preSolution
		HideSolutionNode = FALSE
	EndGlobalSection
	GlobalSection(NestedProjects) = preSolution
		{FD31F474-8893-4C71-800C-3A5F11BB3926} = {6218ADE0-4368-4584-8743-C748C31F2E32}
		{8408CC8C-7AFC-468C-B38B-C76EC2EA171A} = {6218ADE0-4368-4584-8743-C748C31F2E32}
		{8D842BE2-F2F1-4FA1-A6BC-A6B137D3C0BC} = {6218ADE0-4368-4584-8743-C748C31F2E32}
		{16BEB6A3-46BF-46DA-AF08-46AE6ADA37BF} = {6DEBBE33-94A0-4FAE-BDEA-56167B2A28CB}
		{963CFAA5-2D08-4CA4-9BEF-355DBC01A95A} = {6DEBBE33-94A0-4FAE-BDEA-56167B2A28CB}
		{A72CB220-E294-4CC1-B3FD-83F2F645CF34} = {6DEBBE33-94A0-4FAE-BDEA-56167B2A28CB}
		{9764A79B-0B23-480B-B95F-563B2929310F} = {4DFF7661-5BCF-4B8A-8E65-3C0F130598D5}
		{62D506A7-479E-4942-91FF-32D425ABC0D5} = {4DFF7661-5BCF-4B8A-8E65-3C0F130598D5}
		{51A26AD5-693F-40AB-969E-323ECF796087} = {4DFF7661-5BCF-4B8A-8E65-3C0F130598D5}
		{88BFB65E-C995-4824-8AAE-6564D05B6210} = {FA42AA02-894A-4C53-832F-90973F862694}
		{3C23576C-902D-4A00-AA20-E70D10368A5F} = {FA42AA02-894A-4C53-832F-90973F862694}
		{1D728021-9328-4B82-BC91-B5ADEB7CAEEF} = {FA42AA02-894A-4C53-832F-90973F862694}
		{573073E7-8E4C-491A-872E-32F33F8C0193} = {40C80BD8-DA86-436F-B8D5-8BDDFCC421CA}
		{E7C3DBA3-C7C6-45C3-ACA9-B924C300831A} = {40C80BD8-DA86-436F-B8D5-8BDDFCC421CA}
		{C7F118E3-0AA2-480A-9FD9-459D6D87890D} = {40C80BD8-DA86-436F-B8D5-8BDDFCC421CA}
		{1690D0C0-BD18-4FB1-93B2-7A368C5C943B} = {7B7A787A-7A2F-4D7F-8BE2-6DFED4BC415C}
		{2E9995EA-A0F5-43DB-B5DA-83EFF7602EC2} = {7B7A787A-7A2F-4D7F-8BE2-6DFED4BC415C}
		{2614D072-456F-48DD-B0C1-08A077BA1B30} = {7B7A787A-7A2F-4D7F-8BE2-6DFED4BC415C}
		{2115CDE3-E417-474A-9481-BE9195C1E36B} = {46B79033-4E76-4741-917F-7E3197004B0A}
		{6902E9BF-2F96-433A-91B5-4334067FB687} = {46B79033-4E76-4741-917F-7E3197004B0A}
		{B4CB00B8-832B-443C-8915-1C87CF4FD3C2} = {46B79033-4E76-4741-917F-7E3197004B0A}
	EndGlobalSection
	GlobalSection(ExtensibilityGlobals) = postSolution
		SolutionGuid = {E9EDBEDC-E8E3-442A-8772-394F1777CEFB}
	EndGlobalSection
EndGlobal
